
Microsoft Visual Studio Solution File, Format Version 12.00
# Visual Studio Version 17
VisualStudioVersion = 17.4.33122.133
MinimumVisualStudioVersion = 10.0.40219.1
Project("{2150E333-8FDC-42A3-9474-1A3956D46DE8}") = "Learn 1000", "Learn 1000", "{C74FB889-589A-4273-9285-E89692536FC6}"
EndProject
Project("{2150E333-8FDC-42A3-9474-1A3956D46DE8}") = "Learn 1100 - Login and Register", "Learn 1100 - Login and Register", "{940BB1CC-2B93-4F56-849E-0FA3A823BBA6}"
EndProject
Project("{2150E333-8FDC-42A3-9474-1A3956D46DE8}") = "Learn 1200 - Authentication", "Learn 1200 - Authentication", "{767CFD1A-9685-49C3-94C9-3532A84CE9FD}"
EndProject
Project("{2150E333-8FDC-42A3-9474-1A3956D46DE8}") = "Learn 2000 - Duende IdentityServer", "Learn 2000 - Duende IdentityServer", "{A5490595-8F9C-49ED-866E-22938939570B}"
EndProject
Project("{9A19103F-16F7-4668-BE54-9A1E7A4F7556}") = "IdentityServer", "Learn_2000\IdentityServer\IdentityServer.csproj", "{478A6118-86D7-4EE4-A166-2B578E3CEDC2}"
EndProject
Project("{2150E333-8FDC-42A3-9474-1A3956D46DE8}") = "Learn 2100 - Connect to API", "Learn 2100 - Connect to API", "{4ADC4B42-0E67-4432-84CF-88BBB58C6768}"
EndProject
Project("{9A19103F-16F7-4668-BE54-9A1E7A4F7556}") = "Api", "Learn_2100\Api\Api.csproj", "{AB927311-09DD-4AC6-A1AA-213981DB8BAC}"
EndProject
Project("{9A19103F-16F7-4668-BE54-9A1E7A4F7556}") = "IdentityServer", "Learn_2100\IdentityServer\IdentityServer.csproj", "{0D10D0F6-F845-47BC-A0F9-EF18A67E29D8}"
EndProject
Project("{9A19103F-16F7-4668-BE54-9A1E7A4F7556}") = "Client", "Learn_2100\Client\Client.csproj", "{C0CF40E3-E1D6-4668-8525-AD64D60E1CC4}"
EndProject
Project("{2150E333-8FDC-42A3-9474-1A3956D46DE8}") = "Learn 2200 - UI", "Learn 2200 - UI", "{DF59583D-9674-475C-958C-000FB26EE60B}"
EndProject
Project("{9A19103F-16F7-4668-BE54-9A1E7A4F7556}") = "IdentityServer", "Learn_2200\IdentityServer\IdentityServer.csproj", "{46A407CD-6388-4A28-AC5C-FACA08C335FD}"
EndProject
Project("{9A19103F-16F7-4668-BE54-9A1E7A4F7556}") = "RazorPages", "Learn_2200\RazorPages\RazorPages.csproj", "{03D10BF5-3184-4C08-B1CD-D8A1565FCA83}"
EndProject
Project("{9A19103F-16F7-4668-BE54-9A1E7A4F7556}") = "Api", "Learn_1000\Api\Api.csproj", "{6ACEC1C9-7FD7-434B-847A-D4716AA1C47A}"
EndProject
Project("{9A19103F-16F7-4668-BE54-9A1E7A4F7556}") = "Api", "Learn_1100\Api\Api.csproj", "{1BC970DD-33DB-4DF7-BE32-FC47736E6E38}"
EndProject
Project("{9A19103F-16F7-4668-BE54-9A1E7A4F7556}") = "Api", "Learn_1200\Api\Api.csproj", "{4079CA77-4157-48BC-AB9D-07D75207CC48}"
EndProject
Global
	GlobalSection(SolutionConfigurationPlatforms) = preSolution
		Debug|Any CPU = Debug|Any CPU
		Release|Any CPU = Release|Any CPU
	EndGlobalSection
	GlobalSection(ProjectConfigurationPlatforms) = postSolution
		{478A6118-86D7-4EE4-A166-2B578E3CEDC2}.Debug|Any CPU.ActiveCfg = Debug|Any CPU
		{478A6118-86D7-4EE4-A166-2B578E3CEDC2}.Debug|Any CPU.Build.0 = Debug|Any CPU
		{478A6118-86D7-4EE4-A166-2B578E3CEDC2}.Release|Any CPU.ActiveCfg = Release|Any CPU
		{478A6118-86D7-4EE4-A166-2B578E3CEDC2}.Release|Any CPU.Build.0 = Release|Any CPU
		{AB927311-09DD-4AC6-A1AA-213981DB8BAC}.Debug|Any CPU.ActiveCfg = Debug|Any CPU
		{AB927311-09DD-4AC6-A1AA-213981DB8BAC}.Debug|Any CPU.Build.0 = Debug|Any CPU
		{AB927311-09DD-4AC6-A1AA-213981DB8BAC}.Release|Any CPU.ActiveCfg = Release|Any CPU
		{AB927311-09DD-4AC6-A1AA-213981DB8BAC}.Release|Any CPU.Build.0 = Release|Any CPU
		{0D10D0F6-F845-47BC-A0F9-EF18A67E29D8}.Debug|Any CPU.ActiveCfg = Debug|Any CPU
		{0D10D0F6-F845-47BC-A0F9-EF18A67E29D8}.Debug|Any CPU.Build.0 = Debug|Any CPU
		{0D10D0F6-F845-47BC-A0F9-EF18A67E29D8}.Release|Any CPU.ActiveCfg = Release|Any CPU
		{0D10D0F6-F845-47BC-A0F9-EF18A67E29D8}.Release|Any CPU.Build.0 = Release|Any CPU
		{C0CF40E3-E1D6-4668-8525-AD64D60E1CC4}.Debug|Any CPU.ActiveCfg = Debug|Any CPU
		{C0CF40E3-E1D6-4668-8525-AD64D60E1CC4}.Debug|Any CPU.Build.0 = Debug|Any CPU
		{C0CF40E3-E1D6-4668-8525-AD64D60E1CC4}.Release|Any CPU.ActiveCfg = Release|Any CPU
		{C0CF40E3-E1D6-4668-8525-AD64D60E1CC4}.Release|Any CPU.Build.0 = Release|Any CPU
		{46A407CD-6388-4A28-AC5C-FACA08C335FD}.Debug|Any CPU.ActiveCfg = Debug|Any CPU
		{46A407CD-6388-4A28-AC5C-FACA08C335FD}.Debug|Any CPU.Build.0 = Debug|Any CPU
		{46A407CD-6388-4A28-AC5C-FACA08C335FD}.Release|Any CPU.ActiveCfg = Release|Any CPU
		{46A407CD-6388-4A28-AC5C-FACA08C335FD}.Release|Any CPU.Build.0 = Release|Any CPU
		{03D10BF5-3184-4C08-B1CD-D8A1565FCA83}.Debug|Any CPU.ActiveCfg = Debug|Any CPU
		{03D10BF5-3184-4C08-B1CD-D8A1565FCA83}.Debug|Any CPU.Build.0 = Debug|Any CPU
		{03D10BF5-3184-4C08-B1CD-D8A1565FCA83}.Release|Any CPU.ActiveCfg = Release|Any CPU
		{03D10BF5-3184-4C08-B1CD-D8A1565FCA83}.Release|Any CPU.Build.0 = Release|Any CPU
		{6ACEC1C9-7FD7-434B-847A-D4716AA1C47A}.Debug|Any CPU.ActiveCfg = Debug|Any CPU
		{6ACEC1C9-7FD7-434B-847A-D4716AA1C47A}.Debug|Any CPU.Build.0 = Debug|Any CPU
		{6ACEC1C9-7FD7-434B-847A-D4716AA1C47A}.Release|Any CPU.ActiveCfg = Release|Any CPU
		{6ACEC1C9-7FD7-434B-847A-D4716AA1C47A}.Release|Any CPU.Build.0 = Release|Any CPU
		{1BC970DD-33DB-4DF7-BE32-FC47736E6E38}.Debug|Any CPU.ActiveCfg = Debug|Any CPU
		{1BC970DD-33DB-4DF7-BE32-FC47736E6E38}.Debug|Any CPU.Build.0 = Debug|Any CPU
		{1BC970DD-33DB-4DF7-BE32-FC47736E6E38}.Release|Any CPU.ActiveCfg = Release|Any CPU
		{1BC970DD-33DB-4DF7-BE32-FC47736E6E38}.Release|Any CPU.Build.0 = Release|Any CPU
		{4079CA77-4157-48BC-AB9D-07D75207CC48}.Debug|Any CPU.ActiveCfg = Debug|Any CPU
		{4079CA77-4157-48BC-AB9D-07D75207CC48}.Debug|Any CPU.Build.0 = Debug|Any CPU
		{4079CA77-4157-48BC-AB9D-07D75207CC48}.Release|Any CPU.ActiveCfg = Release|Any CPU
		{4079CA77-4157-48BC-AB9D-07D75207CC48}.Release|Any CPU.Build.0 = Release|Any CPU
	EndGlobalSection
	GlobalSection(SolutionProperties) = preSolution
		HideSolutionNode = FALSE
	EndGlobalSection
	GlobalSection(NestedProjects) = preSolution
		{478A6118-86D7-4EE4-A166-2B578E3CEDC2} = {A5490595-8F9C-49ED-866E-22938939570B}
		{AB927311-09DD-4AC6-A1AA-213981DB8BAC} = {4ADC4B42-0E67-4432-84CF-88BBB58C6768}
		{0D10D0F6-F845-47BC-A0F9-EF18A67E29D8} = {4ADC4B42-0E67-4432-84CF-88BBB58C6768}
		{C0CF40E3-E1D6-4668-8525-AD64D60E1CC4} = {4ADC4B42-0E67-4432-84CF-88BBB58C6768}
		{46A407CD-6388-4A28-AC5C-FACA08C335FD} = {DF59583D-9674-475C-958C-000FB26EE60B}
		{03D10BF5-3184-4C08-B1CD-D8A1565FCA83} = {DF59583D-9674-475C-958C-000FB26EE60B}
		{6ACEC1C9-7FD7-434B-847A-D4716AA1C47A} = {C74FB889-589A-4273-9285-E89692536FC6}
		{1BC970DD-33DB-4DF7-BE32-FC47736E6E38} = {940BB1CC-2B93-4F56-849E-0FA3A823BBA6}
		{4079CA77-4157-48BC-AB9D-07D75207CC48} = {767CFD1A-9685-49C3-94C9-3532A84CE9FD}
	EndGlobalSection
	GlobalSection(ExtensibilityGlobals) = postSolution
		SolutionGuid = {5F884DD1-AD71-48F7-8A76-1FE12A7D8E6C}
	EndGlobalSection
EndGlobal
